
Microsoft Visual Studio Solution File, Format Version 12.00
# Visual Studio Version 17
VisualStudioVersion = 17.4.33213.308
MinimumVisualStudioVersion = 10.0.40219.1
Project("{FAE04EC0-301F-11D3-BF4B-00C04F79EFBC}") = "DesafioCalculoCdb.Domain", "DesafioCalculoCdb.Domain\DesafioCalculoCdb.Domain.csproj", "{CCF5ED58-0454-4D6B-B356-FC3C72A96045}"
EndProject
Project("{FAE04EC0-301F-11D3-BF4B-00C04F79EFBC}") = "DesafioCalculoCdb.Tests", "DesafioCalculoCdb.Tests\DesafioCalculoCdb.Tests.csproj", "{E02E42CF-9507-491D-B7EF-80B0A5D97DF0}"
EndProject
Project("{54A90642-561A-4BB1-A94E-469ADEE60C69}") = "DesafioCalculoCdb.Front", "DesafioCalculoCdb.Front\DesafioCalculoCdb.Front.esproj", "{C3E317FE-4351-4C12-B6B2-736C1E7642D7}"
EndProject
Project("{FAE04EC0-301F-11D3-BF4B-00C04F79EFBC}") = "DesafioCalculoCdb.Infra.Data", "DesafioCalculoCdb.Infra.Data\DesafioCalculoCdb.Infra.Data.csproj", "{4A2AD80A-C6EF-428B-8AD2-93ADE6CDECCA}"
EndProject
Project("{FAE04EC0-301F-11D3-BF4B-00C04F79EFBC}") = "DesafioCalculoCdb.Application", "DesafioCalculoCdb.Application\DesafioCalculoCdb.Application.csproj", "{7157E1AD-A40E-4061-96A4-EE909357B667}"
EndProject
Project("{FAE04EC0-301F-11D3-BF4B-00C04F79EFBC}") = "DesafioCalculoCdb.Shared", "DesafioCalculoCdb.Shared\DesafioCalculoCdb.Shared.csproj", "{EFF4924F-3930-489F-A35E-0A0F23C88D1D}"
EndProject
Project("{FAE04EC0-301F-11D3-BF4B-00C04F79EFBC}") = "DesafioCalculoCdb.API", "DesafioCalculoCdb.API\DesafioCalculoCdb.API.csproj", "{557ECD28-BBB9-4C98-AB57-A4AEA6D77625}"
EndProject
Global
	GlobalSection(SolutionConfigurationPlatforms) = preSolution
		Debug|Any CPU = Debug|Any CPU
		Release|Any CPU = Release|Any CPU
	EndGlobalSection
	GlobalSection(ProjectConfigurationPlatforms) = postSolution
		{CCF5ED58-0454-4D6B-B356-FC3C72A96045}.Debug|Any CPU.ActiveCfg = Debug|Any CPU
		{CCF5ED58-0454-4D6B-B356-FC3C72A96045}.Debug|Any CPU.Build.0 = Debug|Any CPU
		{CCF5ED58-0454-4D6B-B356-FC3C72A96045}.Release|Any CPU.ActiveCfg = Release|Any CPU
		{CCF5ED58-0454-4D6B-B356-FC3C72A96045}.Release|Any CPU.Build.0 = Release|Any CPU
		{E02E42CF-9507-491D-B7EF-80B0A5D97DF0}.Debug|Any CPU.ActiveCfg = Debug|Any CPU
		{E02E42CF-9507-491D-B7EF-80B0A5D97DF0}.Debug|Any CPU.Build.0 = Debug|Any CPU
		{E02E42CF-9507-491D-B7EF-80B0A5D97DF0}.Release|Any CPU.ActiveCfg = Release|Any CPU
		{E02E42CF-9507-491D-B7EF-80B0A5D97DF0}.Release|Any CPU.Build.0 = Release|Any CPU
		{C3E317FE-4351-4C12-B6B2-736C1E7642D7}.Debug|Any CPU.ActiveCfg = Debug|Any CPU
		{C3E317FE-4351-4C12-B6B2-736C1E7642D7}.Debug|Any CPU.Build.0 = Debug|Any CPU
		{C3E317FE-4351-4C12-B6B2-736C1E7642D7}.Debug|Any CPU.Deploy.0 = Debug|Any CPU
		{C3E317FE-4351-4C12-B6B2-736C1E7642D7}.Release|Any CPU.ActiveCfg = Release|Any CPU
		{C3E317FE-4351-4C12-B6B2-736C1E7642D7}.Release|Any CPU.Build.0 = Release|Any CPU
		{C3E317FE-4351-4C12-B6B2-736C1E7642D7}.Release|Any CPU.Deploy.0 = Release|Any CPU
		{4A2AD80A-C6EF-428B-8AD2-93ADE6CDECCA}.Debug|Any CPU.ActiveCfg = Debug|Any CPU
		{4A2AD80A-C6EF-428B-8AD2-93ADE6CDECCA}.Debug|Any CPU.Build.0 = Debug|Any CPU
		{4A2AD80A-C6EF-428B-8AD2-93ADE6CDECCA}.Release|Any CPU.ActiveCfg = Release|Any CPU
		{4A2AD80A-C6EF-428B-8AD2-93ADE6CDECCA}.Release|Any CPU.Build.0 = Release|Any CPU
		{7157E1AD-A40E-4061-96A4-EE909357B667}.Debug|Any CPU.ActiveCfg = Debug|Any CPU
		{7157E1AD-A40E-4061-96A4-EE909357B667}.Debug|Any CPU.Build.0 = Debug|Any CPU
		{7157E1AD-A40E-4061-96A4-EE909357B667}.Release|Any CPU.ActiveCfg = Release|Any CPU
		{7157E1AD-A40E-4061-96A4-EE909357B667}.Release|Any CPU.Build.0 = Release|Any CPU
		{EFF4924F-3930-489F-A35E-0A0F23C88D1D}.Debug|Any CPU.ActiveCfg = Debug|Any CPU
		{EFF4924F-3930-489F-A35E-0A0F23C88D1D}.Debug|Any CPU.Build.0 = Debug|Any CPU
		{EFF4924F-3930-489F-A35E-0A0F23C88D1D}.Release|Any CPU.ActiveCfg = Release|Any CPU
		{EFF4924F-3930-489F-A35E-0A0F23C88D1D}.Release|Any CPU.Build.0 = Release|Any CPU
		{557ECD28-BBB9-4C98-AB57-A4AEA6D77625}.Debug|Any CPU.ActiveCfg = Debug|Any CPU
		{557ECD28-BBB9-4C98-AB57-A4AEA6D77625}.Debug|Any CPU.Build.0 = Debug|Any CPU
		{557ECD28-BBB9-4C98-AB57-A4AEA6D77625}.Release|Any CPU.ActiveCfg = Release|Any CPU
		{557ECD28-BBB9-4C98-AB57-A4AEA6D77625}.Release|Any CPU.Build.0 = Release|Any CPU
	EndGlobalSection
	GlobalSection(SolutionProperties) = preSolution
		HideSolutionNode = FALSE
	EndGlobalSection
	GlobalSection(ExtensibilityGlobals) = postSolution
		SolutionGuid = {217A138A-941C-44B7-96FE-3EDEDB908A63}
	EndGlobalSection
EndGlobal
